
Microsoft Visual Studio Solution File, Format Version 12.00
# Visual Studio 14
VisualStudioVersion = 14.0.25420.1
MinimumVisualStudioVersion = 10.0.40219.1
Project("{FAE04EC0-301F-11D3-BF4B-00C04F79EFBC}") = "Fuji.Configuraciones", "Fuji.Configuraciones\Fuji.Configuraciones.csproj", "{C01EDB96-8FC5-4953-B3D4-F1BBBEFFD68B}"
EndProject
Project("{54435603-DBB4-11D2-8724-00A0C9A8B90C}") = "Setup_Configuraciones", "Setup_Configuraciones\Setup_Configuraciones.vdproj", "{1D0E11D1-8373-4431-93B3-8E4A8B93856C}"
EndProject
Global
	GlobalSection(SolutionConfigurationPlatforms) = preSolution
		Debug|Any CPU = Debug|Any CPU
		Release|Any CPU = Release|Any CPU
	EndGlobalSection
	GlobalSection(ProjectConfigurationPlatforms) = postSolution
		{C01EDB96-8FC5-4953-B3D4-F1BBBEFFD68B}.Debug|Any CPU.ActiveCfg = Debug|Any CPU
		{C01EDB96-8FC5-4953-B3D4-F1BBBEFFD68B}.Debug|Any CPU.Build.0 = Debug|Any CPU
		{C01EDB96-8FC5-4953-B3D4-F1BBBEFFD68B}.Release|Any CPU.ActiveCfg = Release|Any CPU
		{C01EDB96-8FC5-4953-B3D4-F1BBBEFFD68B}.Release|Any CPU.Build.0 = Release|Any CPU
		{1D0E11D1-8373-4431-93B3-8E4A8B93856C}.Debug|Any CPU.ActiveCfg = Debug
		{1D0E11D1-8373-4431-93B3-8E4A8B93856C}.Release|Any CPU.ActiveCfg = Release
	EndGlobalSection
	GlobalSection(SolutionProperties) = preSolution
		HideSolutionNode = FALSE
	EndGlobalSection
EndGlobal
